{
    "name": "@ircc-ca/ds-sdc-react",
    "version": "0.0.48",
    "lockfileVersion": 2,
    "requires": true,
    "packages": {
        "": {
            "name": "@ircc-ca/ds-sdc-react",
            "version": "0.0.48",
            "license": "MIT",
            "dependencies": {
                "@ircc-ca/ds-sdc-core": "~0.0.57",
                "@ircc-ca/ds-sdc-web": "~0.0.52"
            },
            "devDependencies": {
                "@types/node": "^18.8.3",
                "@types/react": "^18.0.21",
                "@types/react-dom": "^18.0.6",
                "react": "^18.2.0",
                "react-dom": "^18.2.0",
                "typescript": "^4.8.4"
            },
            "peerDependencies": {
                "react": "^16.12.0",
                "react-dom": "^16.12.0"
            }
        },
        "node_modules/@fontsource/inter": {
            "version": "4.5.14",
            "license": "MIT"
        },
        "node_modules/@fontsource/lato": {
            "version": "4.5.10",
            "license": "MIT"
        },
        "node_modules/@ircc-ca/ds-sdc-core": {
            "version": "0.0.58",
            "license": "MIT",
            "dependencies": {
                "@fontsource/inter": "^4.5.13",
                "@fontsource/lato": "^4.5.10"
            }
        },
        "node_modules/@ircc-ca/ds-sdc-web": {
            "version": "0.0.52",
            "license": "MIT",
            "dependencies": {
                "@ircc-ca/ds-sdc-core": "file:../core"
            }
        },
        "node_modules/@ircc-ca/ds-sdc-web/node_modules/@ircc-ca/ds-sdc-core": {},
        "node_modules/@types/node": {
            "version": "18.11.13",
            "dev": true,
            "license": "MIT"
        },
        "node_modules/@types/prop-types": {
            "version": "15.7.5",
            "dev": true,
            "license": "MIT"
        },
        "node_modules/@types/react": {
            "version": "18.0.26",
            "dev": true,
            "license": "MIT",
            "dependencies": {
                "@types/prop-types": "*",
                "@types/scheduler": "*",
                "csstype": "^3.0.2"
            }
        },
        "node_modules/@types/react-dom": {
            "version": "18.0.9",
            "dev": true,
            "license": "MIT",
            "dependencies": {
                "@types/react": "*"
            }
        },
        "node_modules/@types/scheduler": {
            "version": "0.16.2",
            "dev": true,
            "license": "MIT"
        },
        "node_modules/csstype": {
            "version": "3.1.1",
            "dev": true,
            "license": "MIT"
        },
        "node_modules/js-tokens": {
            "version": "4.0.0",
            "dev": true,
            "license": "MIT"
        },
        "node_modules/loose-envify": {
            "version": "1.4.0",
            "dev": true,
            "license": "MIT",
            "dependencies": {
                "js-tokens": "^3.0.0 || ^4.0.0"
            },
            "bin": {
                "loose-envify": "cli.js"
            }
        },
        "node_modules/react": {
            "version": "18.2.0",
            "dev": true,
            "license": "MIT",
            "dependencies": {
                "loose-envify": "^1.1.0"
            },
            "engines": {
                "node": ">=0.10.0"
            }
        },
        "node_modules/react-dom": {
            "version": "18.2.0",
            "dev": true,
            "license": "MIT",
            "dependencies": {
                "loose-envify": "^1.1.0",
                "scheduler": "^0.23.0"
            },
            "peerDependencies": {
                "react": "^18.2.0"
            }
        },
        "node_modules/scheduler": {
            "version": "0.23.0",
            "dev": true,
            "license": "MIT",
            "dependencies": {
                "loose-envify": "^1.1.0"
            }
        },
        "node_modules/typescript": {
            "version": "4.9.4",
            "dev": true,
            "license": "Apache-2.0",
            "bin": {
                "tsc": "bin/tsc",
                "tsserver": "bin/tsserver"
            },
            "engines": {
                "node": ">=4.2.0"
            }
        }
    },
    "dependencies": {
        "@fontsource/inter": {
            "version": "4.5.14"
        },
        "@fontsource/lato": {
            "version": "4.5.10"
        },
        "@ircc-ca/ds-sdc-core": {
            "version": "0.0.58",
            "requires": {
                "@fontsource/inter": "^4.5.13",
                "@fontsource/lato": "^4.5.10"
            }
        },
        "@ircc-ca/ds-sdc-web": {
            "version": "0.0.52",
            "requires": {
                "@ircc-ca/ds-sdc-core": "file:../core"
            },
            "dependencies": {
                "@ircc-ca/ds-sdc-core": {}
            }
        },
        "@types/node": {
            "version": "18.11.13",
            "dev": true
        },
        "@types/prop-types": {
            "version": "15.7.5",
            "dev": true
        },
        "@types/react": {
            "version": "18.0.26",
            "dev": true,
            "requires": {
                "@types/prop-types": "*",
                "@types/scheduler": "*",
                "csstype": "^3.0.2"
            }
        },
        "@types/react-dom": {
            "version": "18.0.9",
            "dev": true,
            "requires": {
                "@types/react": "*"
            }
        },
        "@types/scheduler": {
            "version": "0.16.2",
            "dev": true
        },
        "csstype": {
            "version": "3.1.1",
            "dev": true
        },
        "js-tokens": {
            "version": "4.0.0",
            "dev": true
        },
        "loose-envify": {
            "version": "1.4.0",
            "dev": true,
            "requires": {
                "js-tokens": "^3.0.0 || ^4.0.0"
            }
        },
        "react": {
            "version": "18.2.0",
            "dev": true,
            "requires": {
                "loose-envify": "^1.1.0"
            }
        },
        "react-dom": {
            "version": "18.2.0",
            "dev": true,
            "requires": {
                "loose-envify": "^1.1.0",
                "scheduler": "^0.23.0"
            }
        },
        "scheduler": {
            "version": "0.23.0",
            "dev": true,
            "requires": {
                "loose-envify": "^1.1.0"
            }
        },
        "typescript": {
            "version": "4.9.4",
            "dev": true
        }
    }
}
