{
    "name": "@ircc-ca/ds-sdc-core",
    "version": "0.0.10-beta.5",
    "lockfileVersion": 2,
    "requires": true,
    "packages": {
        "": {
            "name": "@ircc-ca/ds-sdc-core",
            "version": "0.0.1",
            "license": "MIT",
            "dependencies": {
                "@fontsource/inter": "^4.5.4",
                "@fontsource/lato": "^4.5.2",
                "@fortawesome/fontawesome-pro": "^6.0.0",
                "@ngx-translate/core": "13"
            }
        },
        "node_modules/@angular/core": {
            "version": "13.3.0",
            "resolved": "https://registry.npmjs.org/@angular/core/-/core-13.3.0.tgz",
            "integrity": "sha512-ZnuIMEK8YFBtthNqrxapYolMp6qRy4Yp/VG+M11YNiuBp/BoYYDjTaknwO8vu36Cn6372zWjcibsknkZMjdBkg==",
            "peer": true,
            "dependencies": {
                "tslib": "^2.3.0"
            },
            "engines": {
                "node": "^12.20.0 || ^14.15.0 || >=16.10.0"
            },
            "peerDependencies": {
                "rxjs": "^6.5.3 || ^7.4.0",
                "zone.js": "~0.11.4"
            }
        },
        "node_modules/@fontsource/inter": {
            "version": "4.5.7",
            "resolved": "https://registry.npmjs.org/@fontsource/inter/-/inter-4.5.7.tgz",
            "integrity": "sha512-25k3thupaOEBexuU+jAkGqieKPbuhSuA+sinDwp1iBNhqQPiJ9QHDvsXgoCgCbZ4sGlE8aCwZmSlDJrPdJHNkw=="
        },
        "node_modules/@fontsource/lato": {
            "version": "4.5.5",
            "resolved": "https://registry.npmjs.org/@fontsource/lato/-/lato-4.5.5.tgz",
            "integrity": "sha512-0KVmVCq3wZnriKVdbY+n/ZLf7Vy+dQcqpcm8kaVX4QGd6uBTgH6YWLnM1L051TtjKlal2FiE6xc/BLw116a0gQ=="
        },
        "node_modules/@fortawesome/fontawesome-pro": {
            "version": "6.1.1",
            "resolved": "https://npm.fontawesome.com/@fortawesome/fontawesome-pro/-/6.1.1/fontawesome-pro-6.1.1.tgz",
            "integrity": "sha512-0w6GM8sCXNpcBLUz4bx61JvjjoCvfEIz5wBz2KjLNw9qk1F2XiUWuifXobvLbwaA7kqPGBRPo3U8Zw7zyaJ9sA==",
            "engines": {
                "node": ">=6"
            }
        },
        "node_modules/@ngx-translate/core": {
            "version": "13.0.0",
            "resolved": "https://registry.npmjs.org/@ngx-translate/core/-/core-13.0.0.tgz",
            "integrity": "sha512-+tzEp8wlqEnw0Gc7jtVRAJ6RteUjXw6JJR4O65KlnxOmJrCGPI0xjV/lKRnQeU0w4i96PQs/jtpL921Wrb7PWg==",
            "dependencies": {
                "tslib": "^2.0.0"
            },
            "peerDependencies": {
                "@angular/core": ">=10.0.0",
                "rxjs": ">=6.5.3"
            }
        },
        "node_modules/rxjs": {
            "version": "7.5.5",
            "resolved": "https://registry.npmjs.org/rxjs/-/rxjs-7.5.5.tgz",
            "integrity": "sha512-sy+H0pQofO95VDmFLzyaw9xNJU4KTRSwQIGM6+iG3SypAtCiLDzpeG8sJrNCWn2Up9km+KhkvTdbkrdy+yzZdw==",
            "peer": true,
            "dependencies": {
                "tslib": "^2.1.0"
            }
        },
        "node_modules/tslib": {
            "version": "2.3.1",
            "resolved": "https://registry.npmjs.org/tslib/-/tslib-2.3.1.tgz",
            "integrity": "sha512-77EbyPPpMz+FRFRuAFlWMtmgUWGe9UOG2Z25NqCwiIjRhOf5iKGuzSe5P2w1laq+FkRy4p+PCuVkJSGkzTEKVw=="
        },
        "node_modules/zone.js": {
            "version": "0.11.5",
            "resolved": "https://registry.npmjs.org/zone.js/-/zone.js-0.11.5.tgz",
            "integrity": "sha512-D1/7VxEuQ7xk6z/kAROe4SUbd9CzxY4zOwVGnGHerd/SgLIVU5f4esDzQUsOCeArn933BZfWMKydH7l7dPEp0g==",
            "peer": true,
            "dependencies": {
                "tslib": "^2.3.0"
            }
        }
    },
    "dependencies": {
        "@angular/core": {
            "version": "13.3.0",
            "resolved": "https://registry.npmjs.org/@angular/core/-/core-13.3.0.tgz",
            "integrity": "sha512-ZnuIMEK8YFBtthNqrxapYolMp6qRy4Yp/VG+M11YNiuBp/BoYYDjTaknwO8vu36Cn6372zWjcibsknkZMjdBkg==",
            "peer": true,
            "requires": {
                "tslib": "^2.3.0"
            }
        },
        "@fontsource/inter": {
            "version": "4.5.7",
            "resolved": "https://registry.npmjs.org/@fontsource/inter/-/inter-4.5.7.tgz",
            "integrity": "sha512-25k3thupaOEBexuU+jAkGqieKPbuhSuA+sinDwp1iBNhqQPiJ9QHDvsXgoCgCbZ4sGlE8aCwZmSlDJrPdJHNkw=="
        },
        "@fontsource/lato": {
            "version": "4.5.5",
            "resolved": "https://registry.npmjs.org/@fontsource/lato/-/lato-4.5.5.tgz",
            "integrity": "sha512-0KVmVCq3wZnriKVdbY+n/ZLf7Vy+dQcqpcm8kaVX4QGd6uBTgH6YWLnM1L051TtjKlal2FiE6xc/BLw116a0gQ=="
        },
        "@fortawesome/fontawesome-pro": {
            "version": "6.1.1",
            "resolved": "https://npm.fontawesome.com/@fortawesome/fontawesome-pro/-/6.1.1/fontawesome-pro-6.1.1.tgz",
            "integrity": "sha512-0w6GM8sCXNpcBLUz4bx61JvjjoCvfEIz5wBz2KjLNw9qk1F2XiUWuifXobvLbwaA7kqPGBRPo3U8Zw7zyaJ9sA=="
        },
        "@ngx-translate/core": {
            "version": "13.0.0",
            "resolved": "https://registry.npmjs.org/@ngx-translate/core/-/core-13.0.0.tgz",
            "integrity": "sha512-+tzEp8wlqEnw0Gc7jtVRAJ6RteUjXw6JJR4O65KlnxOmJrCGPI0xjV/lKRnQeU0w4i96PQs/jtpL921Wrb7PWg==",
            "requires": {
                "tslib": "^2.0.0"
            }
        },
        "rxjs": {
            "version": "7.5.5",
            "resolved": "https://registry.npmjs.org/rxjs/-/rxjs-7.5.5.tgz",
            "integrity": "sha512-sy+H0pQofO95VDmFLzyaw9xNJU4KTRSwQIGM6+iG3SypAtCiLDzpeG8sJrNCWn2Up9km+KhkvTdbkrdy+yzZdw==",
            "peer": true,
            "requires": {
                "tslib": "^2.1.0"
            }
        },
        "tslib": {
            "version": "2.3.1",
            "resolved": "https://registry.npmjs.org/tslib/-/tslib-2.3.1.tgz",
            "integrity": "sha512-77EbyPPpMz+FRFRuAFlWMtmgUWGe9UOG2Z25NqCwiIjRhOf5iKGuzSe5P2w1laq+FkRy4p+PCuVkJSGkzTEKVw=="
        },
        "zone.js": {
            "version": "0.11.5",
            "resolved": "https://registry.npmjs.org/zone.js/-/zone.js-0.11.5.tgz",
            "integrity": "sha512-D1/7VxEuQ7xk6z/kAROe4SUbd9CzxY4zOwVGnGHerd/SgLIVU5f4esDzQUsOCeArn933BZfWMKydH7l7dPEp0g==",
            "peer": true,
            "requires": {
                "tslib": "^2.3.0"
            }
        }
    }
}
